
Microsoft Visual Studio Solution File, Format Version 12.00
# Visual Studio Version 17
VisualStudioVersion = 17.0.32112.339
MinimumVisualStudioVersion = 10.0.40219.1
Project("{FAE04EC0-301F-11D3-BF4B-00C04F79EFBC}") = "MateInZero", "MateInZero\MateInZero.csproj", "{CD0009DD-39D4-43FD-9694-61866C05A1E3}"
EndProject
Global
	GlobalSection(SolutionConfigurationPlatforms) = preSolution
		Debug|Any CPU = Debug|Any CPU
		Release|Any CPU = Release|Any CPU
	EndGlobalSection
	GlobalSection(ProjectConfigurationPlatforms) = postSolution
		{CD0009DD-39D4-43FD-9694-61866C05A1E3}.Debug|Any CPU.ActiveCfg = Debug|Any CPU
		{CD0009DD-39D4-43FD-9694-61866C05A1E3}.Debug|Any CPU.Build.0 = Debug|Any CPU
		{CD0009DD-39D4-43FD-9694-61866C05A1E3}.Release|Any CPU.ActiveCfg = Release|Any CPU
		{CD0009DD-39D4-43FD-9694-61866C05A1E3}.Release|Any CPU.Build.0 = Release|Any CPU
	EndGlobalSection
	GlobalSection(SolutionProperties) = preSolution
		HideSolutionNode = FALSE
	EndGlobalSection
	GlobalSection(ExtensibilityGlobals) = postSolution
		SolutionGuid = {BE99C1E4-2DD3-499D-8403-253DCF090655}
	EndGlobalSection
EndGlobal
